
Microsoft Visual Studio Solution File, Format Version 12.00
# Visual Studio Version 17
VisualStudioVersion = 17.5.33502.453
MinimumVisualStudioVersion = 10.0.40219.1
Project("{9A19103F-16F7-4668-BE54-9A1E7A4F7556}") = "PixelBattleBot", "PixelBattleBot\PixelBattleBot.csproj", "{90AC5393-F155-40E5-9A28-483EE497DA5F}"
EndProject
Project("{9A19103F-16F7-4668-BE54-9A1E7A4F7556}") = "PixelBattleBotCore", "PixelBattleBotCore\PixelBattleBotCore.csproj", "{5209D587-EDD8-45F2-8E7D-68BFB960EB98}"
EndProject
Project("{FAE04EC0-301F-11D3-BF4B-00C04F79EFBC}") = "PixelBattleBotGui", "PixelBattleBotGui\PixelBattleBotGui.csproj", "{3425A777-56C0-4584-B8FC-217317E5DE2A}"
EndProject
Global
	GlobalSection(SolutionConfigurationPlatforms) = preSolution
		Debug|Any CPU = Debug|Any CPU
		Release|Any CPU = Release|Any CPU
	EndGlobalSection
	GlobalSection(ProjectConfigurationPlatforms) = postSolution
		{90AC5393-F155-40E5-9A28-483EE497DA5F}.Debug|Any CPU.ActiveCfg = Debug|Any CPU
		{90AC5393-F155-40E5-9A28-483EE497DA5F}.Debug|Any CPU.Build.0 = Debug|Any CPU
		{90AC5393-F155-40E5-9A28-483EE497DA5F}.Release|Any CPU.ActiveCfg = Release|Any CPU
		{90AC5393-F155-40E5-9A28-483EE497DA5F}.Release|Any CPU.Build.0 = Release|Any CPU
		{5209D587-EDD8-45F2-8E7D-68BFB960EB98}.Debug|Any CPU.ActiveCfg = Debug|Any CPU
		{5209D587-EDD8-45F2-8E7D-68BFB960EB98}.Debug|Any CPU.Build.0 = Debug|Any CPU
		{5209D587-EDD8-45F2-8E7D-68BFB960EB98}.Release|Any CPU.ActiveCfg = Release|Any CPU
		{5209D587-EDD8-45F2-8E7D-68BFB960EB98}.Release|Any CPU.Build.0 = Release|Any CPU
		{3425A777-56C0-4584-B8FC-217317E5DE2A}.Debug|Any CPU.ActiveCfg = Debug|Any CPU
		{3425A777-56C0-4584-B8FC-217317E5DE2A}.Debug|Any CPU.Build.0 = Debug|Any CPU
		{3425A777-56C0-4584-B8FC-217317E5DE2A}.Release|Any CPU.ActiveCfg = Release|Any CPU
		{3425A777-56C0-4584-B8FC-217317E5DE2A}.Release|Any CPU.Build.0 = Release|Any CPU
	EndGlobalSection
	GlobalSection(SolutionProperties) = preSolution
		HideSolutionNode = FALSE
	EndGlobalSection
	GlobalSection(ExtensibilityGlobals) = postSolution
		SolutionGuid = {17FA571C-7C6A-4ABD-904B-A25702FF2D12}
	EndGlobalSection
EndGlobal
